
Microsoft Visual Studio Solution File, Format Version 11.00
# Visual Studio 2010
Project("{8BC9CEB8-8B4A-11D0-8D11-00A0C91BC942}") = "SnappyDL", "SnappyDL\SnappyDL.vcxproj", "{FC68193F-120F-4587-8676-5624BBBA979F}"
EndProject
Project("{FAE04EC0-301F-11D3-BF4B-00C04F79EFBC}") = "SnappyPI", "SnappyPI\SnappyPI.csproj", "{A76A6231-E289-4392-B589-2669C5C23944}"
	ProjectSection(ProjectDependencies) = postProject
		{FC68193F-120F-4587-8676-5624BBBA979F} = {FC68193F-120F-4587-8676-5624BBBA979F}
	EndProjectSection
EndProject
Project("{FAE04EC0-301F-11D3-BF4B-00C04F79EFBC}") = "Snappy.Demo", "Snappy.Demo\Snappy.Demo.csproj", "{46264378-82F4-4276-8831-868C68B4F7D0}"
	ProjectSection(ProjectDependencies) = postProject
		{FC68193F-120F-4587-8676-5624BBBA979F} = {FC68193F-120F-4587-8676-5624BBBA979F}
	EndProjectSection
EndProject
Global
	GlobalSection(SolutionConfigurationPlatforms) = preSolution
		Debug|Any CPU = Debug|Any CPU
		Debug|x64 = Debug|x64
		Debug|x86 = Debug|x86
		Release|Any CPU = Release|Any CPU
		Release|x64 = Release|x64
		Release|x86 = Release|x86
	EndGlobalSection
	GlobalSection(ProjectConfigurationPlatforms) = postSolution
		{FC68193F-120F-4587-8676-5624BBBA979F}.Debug|Any CPU.ActiveCfg = Debug|x64
		{FC68193F-120F-4587-8676-5624BBBA979F}.Debug|x64.ActiveCfg = Debug|x64
		{FC68193F-120F-4587-8676-5624BBBA979F}.Debug|x64.Build.0 = Debug|x64
		{FC68193F-120F-4587-8676-5624BBBA979F}.Debug|x86.ActiveCfg = Debug|x64
		{FC68193F-120F-4587-8676-5624BBBA979F}.Release|Any CPU.ActiveCfg = Release|x64
		{FC68193F-120F-4587-8676-5624BBBA979F}.Release|Any CPU.Build.0 = Release|x64
		{FC68193F-120F-4587-8676-5624BBBA979F}.Release|x64.ActiveCfg = Release|x64
		{FC68193F-120F-4587-8676-5624BBBA979F}.Release|x64.Build.0 = Release|x64
		{FC68193F-120F-4587-8676-5624BBBA979F}.Release|x86.ActiveCfg = Release|Win32
		{FC68193F-120F-4587-8676-5624BBBA979F}.Release|x86.Build.0 = Release|Win32
		{A76A6231-E289-4392-B589-2669C5C23944}.Debug|Any CPU.ActiveCfg = Debug|Any CPU
		{A76A6231-E289-4392-B589-2669C5C23944}.Debug|Any CPU.Build.0 = Debug|Any CPU
		{A76A6231-E289-4392-B589-2669C5C23944}.Debug|x64.ActiveCfg = Debug|Any CPU
		{A76A6231-E289-4392-B589-2669C5C23944}.Debug|x86.ActiveCfg = Debug|Any CPU
		{A76A6231-E289-4392-B589-2669C5C23944}.Release|Any CPU.ActiveCfg = Release|Any CPU
		{A76A6231-E289-4392-B589-2669C5C23944}.Release|Any CPU.Build.0 = Release|Any CPU
		{A76A6231-E289-4392-B589-2669C5C23944}.Release|x64.ActiveCfg = Release|Any CPU
		{A76A6231-E289-4392-B589-2669C5C23944}.Release|x64.Build.0 = Release|Any CPU
		{A76A6231-E289-4392-B589-2669C5C23944}.Release|x86.ActiveCfg = Release|Any CPU
		{A76A6231-E289-4392-B589-2669C5C23944}.Release|x86.Build.0 = Release|Any CPU
		{46264378-82F4-4276-8831-868C68B4F7D0}.Debug|Any CPU.ActiveCfg = Debug|Any CPU
		{46264378-82F4-4276-8831-868C68B4F7D0}.Debug|Any CPU.Build.0 = Debug|Any CPU
		{46264378-82F4-4276-8831-868C68B4F7D0}.Debug|x64.ActiveCfg = Debug|Any CPU
		{46264378-82F4-4276-8831-868C68B4F7D0}.Debug|x86.ActiveCfg = Debug|Any CPU
		{46264378-82F4-4276-8831-868C68B4F7D0}.Release|Any CPU.ActiveCfg = Release|Any CPU
		{46264378-82F4-4276-8831-868C68B4F7D0}.Release|Any CPU.Build.0 = Release|Any CPU
		{46264378-82F4-4276-8831-868C68B4F7D0}.Release|x64.ActiveCfg = Release|Any CPU
		{46264378-82F4-4276-8831-868C68B4F7D0}.Release|x64.Build.0 = Release|Any CPU
		{46264378-82F4-4276-8831-868C68B4F7D0}.Release|x86.ActiveCfg = Release|Any CPU
		{46264378-82F4-4276-8831-868C68B4F7D0}.Release|x86.Build.0 = Release|Any CPU
	EndGlobalSection
	GlobalSection(SolutionProperties) = preSolution
		HideSolutionNode = FALSE
	EndGlobalSection
EndGlobal
